
Microsoft Visual Studio Solution File, Format Version 12.00
Project("{2150E333-8FDC-42A3-9474-1A3956D46DE8}") = "src", "src", "{827E0CD3-B72D-47B6-A68D-7590B98EB39B}"
EndProject
Project("{FAE04EC0-301F-11D3-BF4B-00C04F79EFBC}") = "DwarfMapper", "src\DwarfMapper\DwarfMapper.csproj", "{21BFCAD1-A414-4B99-AB3F-C666186091CD}"
EndProject
Project("{2150E333-8FDC-42A3-9474-1A3956D46DE8}") = "tests", "tests", "{0AB3BF05-4346-4AA6-1389-037BE0695223}"
EndProject
Project("{FAE04EC0-301F-11D3-BF4B-00C04F79EFBC}") = "DwarfMapper.Generator.Tests", "tests\DwarfMapper.Generator.Tests\DwarfMapper.Generator.Tests.csproj", "{0A529B8C-7CEF-4B9E-96D5-151A4E18EE92}"
EndProject
Project("{FAE04EC0-301F-11D3-BF4B-00C04F79EFBC}") = "DwarfMapper.Generator", "src\DwarfMapper.Generator\DwarfMapper.Generator.csproj", "{A0535A17-8B6C-4556-87A3-B516C1435975}"
EndProject
Project("{FAE04EC0-301F-11D3-BF4B-00C04F79EFBC}") = "DwarfMapper.IntegrationTests", "tests\DwarfMapper.IntegrationTests\DwarfMapper.IntegrationTests.csproj", "{E06B377C-4ECC-43A4-97AA-DFF21065BD3F}"
EndProject
Project("{2150E333-8FDC-42A3-9474-1A3956D46DE8}") = "samples", "samples", "{5D20AA90-6969-D8BD-9DCD-8634F4692FDA}"
EndProject
Project("{FAE04EC0-301F-11D3-BF4B-00C04F79EFBC}") = "DwarfMapper.AotSample", "samples\DwarfMapper.AotSample\DwarfMapper.AotSample.csproj", "{2BF730E3-E054-46D9-97C6-DC59BA92F3FB}"
EndProject
Project("{FAE04EC0-301F-11D3-BF4B-00C04F79EFBC}") = "DwarfMapper.Testing", "src\DwarfMapper.Testing\DwarfMapper.Testing.csproj", "{D9CDDD53-1A66-47E3-999D-E9C5419E3A97}"
EndProject
Project("{FAE04EC0-301F-11D3-BF4B-00C04F79EFBC}") = "DwarfMapper.Testing.Tests", "tests\DwarfMapper.Testing.Tests\DwarfMapper.Testing.Tests.csproj", "{3C15B7A0-D91F-4CAD-BCB9-8FF103DC4DDC}"
EndProject
Global
	GlobalSection(SolutionConfigurationPlatforms) = preSolution
		Debug|Any CPU = Debug|Any CPU
		Debug|x64 = Debug|x64
		Debug|x86 = Debug|x86
		Release|Any CPU = Release|Any CPU
		Release|x64 = Release|x64
		Release|x86 = Release|x86
	EndGlobalSection
	GlobalSection(ProjectConfigurationPlatforms) = postSolution
		{21BFCAD1-A414-4B99-AB3F-C666186091CD}.Debug|Any CPU.ActiveCfg = Debug|Any CPU
		{21BFCAD1-A414-4B99-AB3F-C666186091CD}.Debug|Any CPU.Build.0 = Debug|Any CPU
		{21BFCAD1-A414-4B99-AB3F-C666186091CD}.Debug|x64.ActiveCfg = Debug|Any CPU
		{21BFCAD1-A414-4B99-AB3F-C666186091CD}.Debug|x64.Build.0 = Debug|Any CPU
		{21BFCAD1-A414-4B99-AB3F-C666186091CD}.Debug|x86.ActiveCfg = Debug|Any CPU
		{21BFCAD1-A414-4B99-AB3F-C666186091CD}.Debug|x86.Build.0 = Debug|Any CPU
		{21BFCAD1-A414-4B99-AB3F-C666186091CD}.Release|Any CPU.ActiveCfg = Release|Any CPU
		{21BFCAD1-A414-4B99-AB3F-C666186091CD}.Release|Any CPU.Build.0 = Release|Any CPU
		{21BFCAD1-A414-4B99-AB3F-C666186091CD}.Release|x64.ActiveCfg = Release|Any CPU
		{21BFCAD1-A414-4B99-AB3F-C666186091CD}.Release|x64.Build.0 = Release|Any CPU
		{21BFCAD1-A414-4B99-AB3F-C666186091CD}.Release|x86.ActiveCfg = Release|Any CPU
		{21BFCAD1-A414-4B99-AB3F-C666186091CD}.Release|x86.Build.0 = Release|Any CPU
		{0A529B8C-7CEF-4B9E-96D5-151A4E18EE92}.Debug|Any CPU.ActiveCfg = Debug|Any CPU
		{0A529B8C-7CEF-4B9E-96D5-151A4E18EE92}.Debug|Any CPU.Build.0 = Debug|Any CPU
		{0A529B8C-7CEF-4B9E-96D5-151A4E18EE92}.Debug|x64.ActiveCfg = Debug|Any CPU
		{0A529B8C-7CEF-4B9E-96D5-151A4E18EE92}.Debug|x64.Build.0 = Debug|Any CPU
		{0A529B8C-7CEF-4B9E-96D5-151A4E18EE92}.Debug|x86.ActiveCfg = Debug|Any CPU
		{0A529B8C-7CEF-4B9E-96D5-151A4E18EE92}.Debug|x86.Build.0 = Debug|Any CPU
		{0A529B8C-7CEF-4B9E-96D5-151A4E18EE92}.Release|Any CPU.ActiveCfg = Release|Any CPU
		{0A529B8C-7CEF-4B9E-96D5-151A4E18EE92}.Release|Any CPU.Build.0 = Release|Any CPU
		{0A529B8C-7CEF-4B9E-96D5-151A4E18EE92}.Release|x64.ActiveCfg = Release|Any CPU
		{0A529B8C-7CEF-4B9E-96D5-151A4E18EE92}.Release|x64.Build.0 = Release|Any CPU
		{0A529B8C-7CEF-4B9E-96D5-151A4E18EE92}.Release|x86.ActiveCfg = Release|Any CPU
		{0A529B8C-7CEF-4B9E-96D5-151A4E18EE92}.Release|x86.Build.0 = Release|Any CPU
		{A0535A17-8B6C-4556-87A3-B516C1435975}.Debug|Any CPU.ActiveCfg = Debug|Any CPU
		{A0535A17-8B6C-4556-87A3-B516C1435975}.Debug|Any CPU.Build.0 = Debug|Any CPU
		{A0535A17-8B6C-4556-87A3-B516C1435975}.Debug|x64.ActiveCfg = Debug|Any CPU
		{A0535A17-8B6C-4556-87A3-B516C1435975}.Debug|x64.Build.0 = Debug|Any CPU
		{A0535A17-8B6C-4556-87A3-B516C1435975}.Debug|x86.ActiveCfg = Debug|Any CPU
		{A0535A17-8B6C-4556-87A3-B516C1435975}.Debug|x86.Build.0 = Debug|Any CPU
		{A0535A17-8B6C-4556-87A3-B516C1435975}.Release|Any CPU.ActiveCfg = Release|Any CPU
		{A0535A17-8B6C-4556-87A3-B516C1435975}.Release|Any CPU.Build.0 = Release|Any CPU
		{A0535A17-8B6C-4556-87A3-B516C1435975}.Release|x64.ActiveCfg = Release|Any CPU
		{A0535A17-8B6C-4556-87A3-B516C1435975}.Release|x64.Build.0 = Release|Any CPU
		{A0535A17-8B6C-4556-87A3-B516C1435975}.Release|x86.ActiveCfg = Release|Any CPU
		{A0535A17-8B6C-4556-87A3-B516C1435975}.Release|x86.Build.0 = Release|Any CPU
		{E06B377C-4ECC-43A4-97AA-DFF21065BD3F}.Debug|Any CPU.ActiveCfg = Debug|Any CPU
		{E06B377C-4ECC-43A4-97AA-DFF21065BD3F}.Debug|Any CPU.Build.0 = Debug|Any CPU
		{E06B377C-4ECC-43A4-97AA-DFF21065BD3F}.Debug|x64.ActiveCfg = Debug|Any CPU
		{E06B377C-4ECC-43A4-97AA-DFF21065BD3F}.Debug|x64.Build.0 = Debug|Any CPU
		{E06B377C-4ECC-43A4-97AA-DFF21065BD3F}.Debug|x86.ActiveCfg = Debug|Any CPU
		{E06B377C-4ECC-43A4-97AA-DFF21065BD3F}.Debug|x86.Build.0 = Debug|Any CPU
		{E06B377C-4ECC-43A4-97AA-DFF21065BD3F}.Release|Any CPU.ActiveCfg = Release|Any CPU
		{E06B377C-4ECC-43A4-97AA-DFF21065BD3F}.Release|Any CPU.Build.0 = Release|Any CPU
		{E06B377C-4ECC-43A4-97AA-DFF21065BD3F}.Release|x64.ActiveCfg = Release|Any CPU
		{E06B377C-4ECC-43A4-97AA-DFF21065BD3F}.Release|x64.Build.0 = Release|Any CPU
		{E06B377C-4ECC-43A4-97AA-DFF21065BD3F}.Release|x86.ActiveCfg = Release|Any CPU
		{E06B377C-4ECC-43A4-97AA-DFF21065BD3F}.Release|x86.Build.0 = Release|Any CPU
		{2BF730E3-E054-46D9-97C6-DC59BA92F3FB}.Debug|Any CPU.ActiveCfg = Debug|Any CPU
		{2BF730E3-E054-46D9-97C6-DC59BA92F3FB}.Debug|Any CPU.Build.0 = Debug|Any CPU
		{2BF730E3-E054-46D9-97C6-DC59BA92F3FB}.Debug|x64.ActiveCfg = Debug|Any CPU
		{2BF730E3-E054-46D9-97C6-DC59BA92F3FB}.Debug|x64.Build.0 = Debug|Any CPU
		{2BF730E3-E054-46D9-97C6-DC59BA92F3FB}.Debug|x86.ActiveCfg = Debug|Any CPU
		{2BF730E3-E054-46D9-97C6-DC59BA92F3FB}.Debug|x86.Build.0 = Debug|Any CPU
		{2BF730E3-E054-46D9-97C6-DC59BA92F3FB}.Release|Any CPU.ActiveCfg = Release|Any CPU
		{2BF730E3-E054-46D9-97C6-DC59BA92F3FB}.Release|Any CPU.Build.0 = Release|Any CPU
		{2BF730E3-E054-46D9-97C6-DC59BA92F3FB}.Release|x64.ActiveCfg = Release|Any CPU
		{2BF730E3-E054-46D9-97C6-DC59BA92F3FB}.Release|x64.Build.0 = Release|Any CPU
		{2BF730E3-E054-46D9-97C6-DC59BA92F3FB}.Release|x86.ActiveCfg = Release|Any CPU
		{2BF730E3-E054-46D9-97C6-DC59BA92F3FB}.Release|x86.Build.0 = Release|Any CPU
		{D9CDDD53-1A66-47E3-999D-E9C5419E3A97}.Debug|Any CPU.ActiveCfg = Debug|Any CPU
		{D9CDDD53-1A66-47E3-999D-E9C5419E3A97}.Debug|Any CPU.Build.0 = Debug|Any CPU
		{D9CDDD53-1A66-47E3-999D-E9C5419E3A97}.Debug|x64.ActiveCfg = Debug|Any CPU
		{D9CDDD53-1A66-47E3-999D-E9C5419E3A97}.Debug|x64.Build.0 = Debug|Any CPU
		{D9CDDD53-1A66-47E3-999D-E9C5419E3A97}.Debug|x86.ActiveCfg = Debug|Any CPU
		{D9CDDD53-1A66-47E3-999D-E9C5419E3A97}.Debug|x86.Build.0 = Debug|Any CPU
		{D9CDDD53-1A66-47E3-999D-E9C5419E3A97}.Release|Any CPU.ActiveCfg = Release|Any CPU
		{D9CDDD53-1A66-47E3-999D-E9C5419E3A97}.Release|Any CPU.Build.0 = Release|Any CPU
		{D9CDDD53-1A66-47E3-999D-E9C5419E3A97}.Release|x64.ActiveCfg = Release|Any CPU
		{D9CDDD53-1A66-47E3-999D-E9C5419E3A97}.Release|x64.Build.0 = Release|Any CPU
		{D9CDDD53-1A66-47E3-999D-E9C5419E3A97}.Release|x86.ActiveCfg = Release|Any CPU
		{D9CDDD53-1A66-47E3-999D-E9C5419E3A97}.Release|x86.Build.0 = Release|Any CPU
		{3C15B7A0-D91F-4CAD-BCB9-8FF103DC4DDC}.Debug|Any CPU.ActiveCfg = Debug|Any CPU
		{3C15B7A0-D91F-4CAD-BCB9-8FF103DC4DDC}.Debug|Any CPU.Build.0 = Debug|Any CPU
		{3C15B7A0-D91F-4CAD-BCB9-8FF103DC4DDC}.Debug|x64.ActiveCfg = Debug|Any CPU
		{3C15B7A0-D91F-4CAD-BCB9-8FF103DC4DDC}.Debug|x64.Build.0 = Debug|Any CPU
		{3C15B7A0-D91F-4CAD-BCB9-8FF103DC4DDC}.Debug|x86.ActiveCfg = Debug|Any CPU
		{3C15B7A0-D91F-4CAD-BCB9-8FF103DC4DDC}.Debug|x86.Build.0 = Debug|Any CPU
		{3C15B7A0-D91F-4CAD-BCB9-8FF103DC4DDC}.Release|Any CPU.ActiveCfg = Release|Any CPU
		{3C15B7A0-D91F-4CAD-BCB9-8FF103DC4DDC}.Release|Any CPU.Build.0 = Release|Any CPU
		{3C15B7A0-D91F-4CAD-BCB9-8FF103DC4DDC}.Release|x64.ActiveCfg = Release|Any CPU
		{3C15B7A0-D91F-4CAD-BCB9-8FF103DC4DDC}.Release|x64.Build.0 = Release|Any CPU
		{3C15B7A0-D91F-4CAD-BCB9-8FF103DC4DDC}.Release|x86.ActiveCfg = Release|Any CPU
		{3C15B7A0-D91F-4CAD-BCB9-8FF103DC4DDC}.Release|x86.Build.0 = Release|Any CPU
	EndGlobalSection
	GlobalSection(SolutionProperties) = preSolution
		HideSolutionNode = FALSE
	EndGlobalSection
	GlobalSection(NestedProjects) = preSolution
		{21BFCAD1-A414-4B99-AB3F-C666186091CD} = {827E0CD3-B72D-47B6-A68D-7590B98EB39B}
		{0A529B8C-7CEF-4B9E-96D5-151A4E18EE92} = {0AB3BF05-4346-4AA6-1389-037BE0695223}
		{A0535A17-8B6C-4556-87A3-B516C1435975} = {827E0CD3-B72D-47B6-A68D-7590B98EB39B}
		{E06B377C-4ECC-43A4-97AA-DFF21065BD3F} = {0AB3BF05-4346-4AA6-1389-037BE0695223}
		{2BF730E3-E054-46D9-97C6-DC59BA92F3FB} = {5D20AA90-6969-D8BD-9DCD-8634F4692FDA}
		{D9CDDD53-1A66-47E3-999D-E9C5419E3A97} = {827E0CD3-B72D-47B6-A68D-7590B98EB39B}
		{3C15B7A0-D91F-4CAD-BCB9-8FF103DC4DDC} = {0AB3BF05-4346-4AA6-1389-037BE0695223}
	EndGlobalSection
EndGlobal
