
Microsoft Visual Studio Solution File, Format Version 12.00
Project("{2150E333-8FDC-42A3-9474-1A3956D46DE8}") = "src", "src", "{827E0CD3-B72D-47B6-A68D-7590B98EB39B}"
EndProject
Project("{FAE04EC0-301F-11D3-BF4B-00C04F79EFBC}") = "DwarfMapper", "src\DwarfMapper\DwarfMapper.csproj", "{21BFCAD1-A414-4B99-AB3F-C666186091CD}"
EndProject
Project("{2150E333-8FDC-42A3-9474-1A3956D46DE8}") = "tests", "tests", "{0AB3BF05-4346-4AA6-1389-037BE0695223}"
EndProject
Project("{FAE04EC0-301F-11D3-BF4B-00C04F79EFBC}") = "DwarfMapper.Generator.Tests", "tests\DwarfMapper.Generator.Tests\DwarfMapper.Generator.Tests.csproj", "{0A529B8C-7CEF-4B9E-96D5-151A4E18EE92}"
EndProject
Project("{FAE04EC0-301F-11D3-BF4B-00C04F79EFBC}") = "DwarfMapper.Generator", "src\DwarfMapper.Generator\DwarfMapper.Generator.csproj", "{A0535A17-8B6C-4556-87A3-B516C1435975}"
EndProject
Project("{FAE04EC0-301F-11D3-BF4B-00C04F79EFBC}") = "DwarfMapper.IntegrationTests", "tests\DwarfMapper.IntegrationTests\DwarfMapper.IntegrationTests.csproj", "{E06B377C-4ECC-43A4-97AA-DFF21065BD3F}"
EndProject
Project("{2150E333-8FDC-42A3-9474-1A3956D46DE8}") = "samples", "samples", "{5D20AA90-6969-D8BD-9DCD-8634F4692FDA}"
EndProject
Project("{FAE04EC0-301F-11D3-BF4B-00C04F79EFBC}") = "DwarfMapper.AotSample", "samples\DwarfMapper.AotSample\DwarfMapper.AotSample.csproj", "{2BF730E3-E054-46D9-97C6-DC59BA92F3FB}"
EndProject
Project("{FAE04EC0-301F-11D3-BF4B-00C04F79EFBC}") = "DwarfMapper.Testing", "src\DwarfMapper.Testing\DwarfMapper.Testing.csproj", "{D9CDDD53-1A66-47E3-999D-E9C5419E3A97}"
EndProject
Project("{FAE04EC0-301F-11D3-BF4B-00C04F79EFBC}") = "DwarfMapper.Testing.Tests", "tests\DwarfMapper.Testing.Tests\DwarfMapper.Testing.Tests.csproj", "{3C15B7A0-D91F-4CAD-BCB9-8FF103DC4DDC}"
EndProject
Project("{2150E333-8FDC-42A3-9474-1A3956D46DE8}") = "benchmarks", "benchmarks", "{66320409-64EC-F7C5-3DEF-65E7510DAAD1}"
EndProject
Project("{FAE04EC0-301F-11D3-BF4B-00C04F79EFBC}") = "DwarfMapper.Benchmarks", "benchmarks\DwarfMapper.Benchmarks\DwarfMapper.Benchmarks.csproj", "{871E11D1-D2E2-41A7-AD28-8F73FCE192C4}"
EndProject
Project("{FAE04EC0-301F-11D3-BF4B-00C04F79EFBC}") = "DwarfMapper.CorpusTests", "tests\DwarfMapper.CorpusTests\DwarfMapper.CorpusTests.csproj", "{4609068F-1633-4F64-9085-AB6E8A53C548}"
EndProject
Project("{FAE04EC0-301F-11D3-BF4B-00C04F79EFBC}") = "DwarfMapper.CodeFixes", "src\DwarfMapper.CodeFixes\DwarfMapper.CodeFixes.csproj", "{51C3D069-3D01-435A-83F9-A623DB57F9EE}"
EndProject
Project("{FAE04EC0-301F-11D3-BF4B-00C04F79EFBC}") = "DwarfMapper.AotBench", "samples\DwarfMapper.AotBench\DwarfMapper.AotBench.csproj", "{E2D1A48A-C524-4DDA-AFE3-809A504205DB}"
EndProject
Project("{FAE04EC0-301F-11D3-BF4B-00C04F79EFBC}") = "DwarfMapper.Gallery", "samples\DwarfMapper.Gallery\DwarfMapper.Gallery.csproj", "{1B001DB2-8646-4426-9BC6-0E805EC05080}"
EndProject
Project("{FAE04EC0-301F-11D3-BF4B-00C04F79EFBC}") = "DwarfMapper.Conformance", "samples\DwarfMapper.Conformance\DwarfMapper.Conformance.csproj", "{673000C3-7E8D-45D2-BCB0-607964B3BF4A}"
EndProject
Global
	GlobalSection(SolutionConfigurationPlatforms) = preSolution
		Debug|Any CPU = Debug|Any CPU
		Debug|x64 = Debug|x64
		Debug|x86 = Debug|x86
		Release|Any CPU = Release|Any CPU
		Release|x64 = Release|x64
		Release|x86 = Release|x86
	EndGlobalSection
	GlobalSection(ProjectConfigurationPlatforms) = postSolution
		{21BFCAD1-A414-4B99-AB3F-C666186091CD}.Debug|Any CPU.ActiveCfg = Debug|Any CPU
		{21BFCAD1-A414-4B99-AB3F-C666186091CD}.Debug|Any CPU.Build.0 = Debug|Any CPU
		{21BFCAD1-A414-4B99-AB3F-C666186091CD}.Debug|x64.ActiveCfg = Debug|Any CPU
		{21BFCAD1-A414-4B99-AB3F-C666186091CD}.Debug|x64.Build.0 = Debug|Any CPU
		{21BFCAD1-A414-4B99-AB3F-C666186091CD}.Debug|x86.ActiveCfg = Debug|Any CPU
		{21BFCAD1-A414-4B99-AB3F-C666186091CD}.Debug|x86.Build.0 = Debug|Any CPU
		{21BFCAD1-A414-4B99-AB3F-C666186091CD}.Release|Any CPU.ActiveCfg = Release|Any CPU
		{21BFCAD1-A414-4B99-AB3F-C666186091CD}.Release|Any CPU.Build.0 = Release|Any CPU
		{21BFCAD1-A414-4B99-AB3F-C666186091CD}.Release|x64.ActiveCfg = Release|Any CPU
		{21BFCAD1-A414-4B99-AB3F-C666186091CD}.Release|x64.Build.0 = Release|Any CPU
		{21BFCAD1-A414-4B99-AB3F-C666186091CD}.Release|x86.ActiveCfg = Release|Any CPU
		{21BFCAD1-A414-4B99-AB3F-C666186091CD}.Release|x86.Build.0 = Release|Any CPU
		{0A529B8C-7CEF-4B9E-96D5-151A4E18EE92}.Debug|Any CPU.ActiveCfg = Debug|Any CPU
		{0A529B8C-7CEF-4B9E-96D5-151A4E18EE92}.Debug|Any CPU.Build.0 = Debug|Any CPU
		{0A529B8C-7CEF-4B9E-96D5-151A4E18EE92}.Debug|x64.ActiveCfg = Debug|Any CPU
		{0A529B8C-7CEF-4B9E-96D5-151A4E18EE92}.Debug|x64.Build.0 = Debug|Any CPU
		{0A529B8C-7CEF-4B9E-96D5-151A4E18EE92}.Debug|x86.ActiveCfg = Debug|Any CPU
		{0A529B8C-7CEF-4B9E-96D5-151A4E18EE92}.Debug|x86.Build.0 = Debug|Any CPU
		{0A529B8C-7CEF-4B9E-96D5-151A4E18EE92}.Release|Any CPU.ActiveCfg = Release|Any CPU
		{0A529B8C-7CEF-4B9E-96D5-151A4E18EE92}.Release|Any CPU.Build.0 = Release|Any CPU
		{0A529B8C-7CEF-4B9E-96D5-151A4E18EE92}.Release|x64.ActiveCfg = Release|Any CPU
		{0A529B8C-7CEF-4B9E-96D5-151A4E18EE92}.Release|x64.Build.0 = Release|Any CPU
		{0A529B8C-7CEF-4B9E-96D5-151A4E18EE92}.Release|x86.ActiveCfg = Release|Any CPU
		{0A529B8C-7CEF-4B9E-96D5-151A4E18EE92}.Release|x86.Build.0 = Release|Any CPU
		{A0535A17-8B6C-4556-87A3-B516C1435975}.Debug|Any CPU.ActiveCfg = Debug|Any CPU
		{A0535A17-8B6C-4556-87A3-B516C1435975}.Debug|Any CPU.Build.0 = Debug|Any CPU
		{A0535A17-8B6C-4556-87A3-B516C1435975}.Debug|x64.ActiveCfg = Debug|Any CPU
		{A0535A17-8B6C-4556-87A3-B516C1435975}.Debug|x64.Build.0 = Debug|Any CPU
		{A0535A17-8B6C-4556-87A3-B516C1435975}.Debug|x86.ActiveCfg = Debug|Any CPU
		{A0535A17-8B6C-4556-87A3-B516C1435975}.Debug|x86.Build.0 = Debug|Any CPU
		{A0535A17-8B6C-4556-87A3-B516C1435975}.Release|Any CPU.ActiveCfg = Release|Any CPU
		{A0535A17-8B6C-4556-87A3-B516C1435975}.Release|Any CPU.Build.0 = Release|Any CPU
		{A0535A17-8B6C-4556-87A3-B516C1435975}.Release|x64.ActiveCfg = Release|Any CPU
		{A0535A17-8B6C-4556-87A3-B516C1435975}.Release|x64.Build.0 = Release|Any CPU
		{A0535A17-8B6C-4556-87A3-B516C1435975}.Release|x86.ActiveCfg = Release|Any CPU
		{A0535A17-8B6C-4556-87A3-B516C1435975}.Release|x86.Build.0 = Release|Any CPU
		{E06B377C-4ECC-43A4-97AA-DFF21065BD3F}.Debug|Any CPU.ActiveCfg = Debug|Any CPU
		{E06B377C-4ECC-43A4-97AA-DFF21065BD3F}.Debug|Any CPU.Build.0 = Debug|Any CPU
		{E06B377C-4ECC-43A4-97AA-DFF21065BD3F}.Debug|x64.ActiveCfg = Debug|Any CPU
		{E06B377C-4ECC-43A4-97AA-DFF21065BD3F}.Debug|x64.Build.0 = Debug|Any CPU
		{E06B377C-4ECC-43A4-97AA-DFF21065BD3F}.Debug|x86.ActiveCfg = Debug|Any CPU
		{E06B377C-4ECC-43A4-97AA-DFF21065BD3F}.Debug|x86.Build.0 = Debug|Any CPU
		{E06B377C-4ECC-43A4-97AA-DFF21065BD3F}.Release|Any CPU.ActiveCfg = Release|Any CPU
		{E06B377C-4ECC-43A4-97AA-DFF21065BD3F}.Release|Any CPU.Build.0 = Release|Any CPU
		{E06B377C-4ECC-43A4-97AA-DFF21065BD3F}.Release|x64.ActiveCfg = Release|Any CPU
		{E06B377C-4ECC-43A4-97AA-DFF21065BD3F}.Release|x64.Build.0 = Release|Any CPU
		{E06B377C-4ECC-43A4-97AA-DFF21065BD3F}.Release|x86.ActiveCfg = Release|Any CPU
		{E06B377C-4ECC-43A4-97AA-DFF21065BD3F}.Release|x86.Build.0 = Release|Any CPU
		{2BF730E3-E054-46D9-97C6-DC59BA92F3FB}.Debug|Any CPU.ActiveCfg = Debug|Any CPU
		{2BF730E3-E054-46D9-97C6-DC59BA92F3FB}.Debug|Any CPU.Build.0 = Debug|Any CPU
		{2BF730E3-E054-46D9-97C6-DC59BA92F3FB}.Debug|x64.ActiveCfg = Debug|Any CPU
		{2BF730E3-E054-46D9-97C6-DC59BA92F3FB}.Debug|x64.Build.0 = Debug|Any CPU
		{2BF730E3-E054-46D9-97C6-DC59BA92F3FB}.Debug|x86.ActiveCfg = Debug|Any CPU
		{2BF730E3-E054-46D9-97C6-DC59BA92F3FB}.Debug|x86.Build.0 = Debug|Any CPU
		{2BF730E3-E054-46D9-97C6-DC59BA92F3FB}.Release|Any CPU.ActiveCfg = Release|Any CPU
		{2BF730E3-E054-46D9-97C6-DC59BA92F3FB}.Release|Any CPU.Build.0 = Release|Any CPU
		{2BF730E3-E054-46D9-97C6-DC59BA92F3FB}.Release|x64.ActiveCfg = Release|Any CPU
		{2BF730E3-E054-46D9-97C6-DC59BA92F3FB}.Release|x64.Build.0 = Release|Any CPU
		{2BF730E3-E054-46D9-97C6-DC59BA92F3FB}.Release|x86.ActiveCfg = Release|Any CPU
		{2BF730E3-E054-46D9-97C6-DC59BA92F3FB}.Release|x86.Build.0 = Release|Any CPU
		{D9CDDD53-1A66-47E3-999D-E9C5419E3A97}.Debug|Any CPU.ActiveCfg = Debug|Any CPU
		{D9CDDD53-1A66-47E3-999D-E9C5419E3A97}.Debug|Any CPU.Build.0 = Debug|Any CPU
		{D9CDDD53-1A66-47E3-999D-E9C5419E3A97}.Debug|x64.ActiveCfg = Debug|Any CPU
		{D9CDDD53-1A66-47E3-999D-E9C5419E3A97}.Debug|x64.Build.0 = Debug|Any CPU
		{D9CDDD53-1A66-47E3-999D-E9C5419E3A97}.Debug|x86.ActiveCfg = Debug|Any CPU
		{D9CDDD53-1A66-47E3-999D-E9C5419E3A97}.Debug|x86.Build.0 = Debug|Any CPU
		{D9CDDD53-1A66-47E3-999D-E9C5419E3A97}.Release|Any CPU.ActiveCfg = Release|Any CPU
		{D9CDDD53-1A66-47E3-999D-E9C5419E3A97}.Release|Any CPU.Build.0 = Release|Any CPU
		{D9CDDD53-1A66-47E3-999D-E9C5419E3A97}.Release|x64.ActiveCfg = Release|Any CPU
		{D9CDDD53-1A66-47E3-999D-E9C5419E3A97}.Release|x64.Build.0 = Release|Any CPU
		{D9CDDD53-1A66-47E3-999D-E9C5419E3A97}.Release|x86.ActiveCfg = Release|Any CPU
		{D9CDDD53-1A66-47E3-999D-E9C5419E3A97}.Release|x86.Build.0 = Release|Any CPU
		{3C15B7A0-D91F-4CAD-BCB9-8FF103DC4DDC}.Debug|Any CPU.ActiveCfg = Debug|Any CPU
		{3C15B7A0-D91F-4CAD-BCB9-8FF103DC4DDC}.Debug|Any CPU.Build.0 = Debug|Any CPU
		{3C15B7A0-D91F-4CAD-BCB9-8FF103DC4DDC}.Debug|x64.ActiveCfg = Debug|Any CPU
		{3C15B7A0-D91F-4CAD-BCB9-8FF103DC4DDC}.Debug|x64.Build.0 = Debug|Any CPU
		{3C15B7A0-D91F-4CAD-BCB9-8FF103DC4DDC}.Debug|x86.ActiveCfg = Debug|Any CPU
		{3C15B7A0-D91F-4CAD-BCB9-8FF103DC4DDC}.Debug|x86.Build.0 = Debug|Any CPU
		{3C15B7A0-D91F-4CAD-BCB9-8FF103DC4DDC}.Release|Any CPU.ActiveCfg = Release|Any CPU
		{3C15B7A0-D91F-4CAD-BCB9-8FF103DC4DDC}.Release|Any CPU.Build.0 = Release|Any CPU
		{3C15B7A0-D91F-4CAD-BCB9-8FF103DC4DDC}.Release|x64.ActiveCfg = Release|Any CPU
		{3C15B7A0-D91F-4CAD-BCB9-8FF103DC4DDC}.Release|x64.Build.0 = Release|Any CPU
		{3C15B7A0-D91F-4CAD-BCB9-8FF103DC4DDC}.Release|x86.ActiveCfg = Release|Any CPU
		{3C15B7A0-D91F-4CAD-BCB9-8FF103DC4DDC}.Release|x86.Build.0 = Release|Any CPU
		{871E11D1-D2E2-41A7-AD28-8F73FCE192C4}.Debug|Any CPU.ActiveCfg = Debug|Any CPU
		{871E11D1-D2E2-41A7-AD28-8F73FCE192C4}.Debug|Any CPU.Build.0 = Debug|Any CPU
		{871E11D1-D2E2-41A7-AD28-8F73FCE192C4}.Debug|x64.ActiveCfg = Debug|Any CPU
		{871E11D1-D2E2-41A7-AD28-8F73FCE192C4}.Debug|x64.Build.0 = Debug|Any CPU
		{871E11D1-D2E2-41A7-AD28-8F73FCE192C4}.Debug|x86.ActiveCfg = Debug|Any CPU
		{871E11D1-D2E2-41A7-AD28-8F73FCE192C4}.Debug|x86.Build.0 = Debug|Any CPU
		{871E11D1-D2E2-41A7-AD28-8F73FCE192C4}.Release|Any CPU.ActiveCfg = Release|Any CPU
		{871E11D1-D2E2-41A7-AD28-8F73FCE192C4}.Release|Any CPU.Build.0 = Release|Any CPU
		{871E11D1-D2E2-41A7-AD28-8F73FCE192C4}.Release|x64.ActiveCfg = Release|Any CPU
		{871E11D1-D2E2-41A7-AD28-8F73FCE192C4}.Release|x64.Build.0 = Release|Any CPU
		{871E11D1-D2E2-41A7-AD28-8F73FCE192C4}.Release|x86.ActiveCfg = Release|Any CPU
		{871E11D1-D2E2-41A7-AD28-8F73FCE192C4}.Release|x86.Build.0 = Release|Any CPU
		{4609068F-1633-4F64-9085-AB6E8A53C548}.Debug|Any CPU.ActiveCfg = Debug|Any CPU
		{4609068F-1633-4F64-9085-AB6E8A53C548}.Debug|Any CPU.Build.0 = Debug|Any CPU
		{4609068F-1633-4F64-9085-AB6E8A53C548}.Debug|x64.ActiveCfg = Debug|Any CPU
		{4609068F-1633-4F64-9085-AB6E8A53C548}.Debug|x64.Build.0 = Debug|Any CPU
		{4609068F-1633-4F64-9085-AB6E8A53C548}.Debug|x86.ActiveCfg = Debug|Any CPU
		{4609068F-1633-4F64-9085-AB6E8A53C548}.Debug|x86.Build.0 = Debug|Any CPU
		{4609068F-1633-4F64-9085-AB6E8A53C548}.Release|Any CPU.ActiveCfg = Release|Any CPU
		{4609068F-1633-4F64-9085-AB6E8A53C548}.Release|Any CPU.Build.0 = Release|Any CPU
		{4609068F-1633-4F64-9085-AB6E8A53C548}.Release|x64.ActiveCfg = Release|Any CPU
		{4609068F-1633-4F64-9085-AB6E8A53C548}.Release|x64.Build.0 = Release|Any CPU
		{4609068F-1633-4F64-9085-AB6E8A53C548}.Release|x86.ActiveCfg = Release|Any CPU
		{4609068F-1633-4F64-9085-AB6E8A53C548}.Release|x86.Build.0 = Release|Any CPU
		{51C3D069-3D01-435A-83F9-A623DB57F9EE}.Debug|Any CPU.ActiveCfg = Debug|Any CPU
		{51C3D069-3D01-435A-83F9-A623DB57F9EE}.Debug|Any CPU.Build.0 = Debug|Any CPU
		{51C3D069-3D01-435A-83F9-A623DB57F9EE}.Debug|x64.ActiveCfg = Debug|Any CPU
		{51C3D069-3D01-435A-83F9-A623DB57F9EE}.Debug|x64.Build.0 = Debug|Any CPU
		{51C3D069-3D01-435A-83F9-A623DB57F9EE}.Debug|x86.ActiveCfg = Debug|Any CPU
		{51C3D069-3D01-435A-83F9-A623DB57F9EE}.Debug|x86.Build.0 = Debug|Any CPU
		{51C3D069-3D01-435A-83F9-A623DB57F9EE}.Release|Any CPU.ActiveCfg = Release|Any CPU
		{51C3D069-3D01-435A-83F9-A623DB57F9EE}.Release|Any CPU.Build.0 = Release|Any CPU
		{51C3D069-3D01-435A-83F9-A623DB57F9EE}.Release|x64.ActiveCfg = Release|Any CPU
		{51C3D069-3D01-435A-83F9-A623DB57F9EE}.Release|x64.Build.0 = Release|Any CPU
		{51C3D069-3D01-435A-83F9-A623DB57F9EE}.Release|x86.ActiveCfg = Release|Any CPU
		{51C3D069-3D01-435A-83F9-A623DB57F9EE}.Release|x86.Build.0 = Release|Any CPU
		{E2D1A48A-C524-4DDA-AFE3-809A504205DB}.Debug|Any CPU.ActiveCfg = Debug|Any CPU
		{E2D1A48A-C524-4DDA-AFE3-809A504205DB}.Debug|Any CPU.Build.0 = Debug|Any CPU
		{E2D1A48A-C524-4DDA-AFE3-809A504205DB}.Debug|x64.ActiveCfg = Debug|Any CPU
		{E2D1A48A-C524-4DDA-AFE3-809A504205DB}.Debug|x64.Build.0 = Debug|Any CPU
		{E2D1A48A-C524-4DDA-AFE3-809A504205DB}.Debug|x86.ActiveCfg = Debug|Any CPU
		{E2D1A48A-C524-4DDA-AFE3-809A504205DB}.Debug|x86.Build.0 = Debug|Any CPU
		{E2D1A48A-C524-4DDA-AFE3-809A504205DB}.Release|Any CPU.ActiveCfg = Release|Any CPU
		{E2D1A48A-C524-4DDA-AFE3-809A504205DB}.Release|Any CPU.Build.0 = Release|Any CPU
		{E2D1A48A-C524-4DDA-AFE3-809A504205DB}.Release|x64.ActiveCfg = Release|Any CPU
		{E2D1A48A-C524-4DDA-AFE3-809A504205DB}.Release|x64.Build.0 = Release|Any CPU
		{E2D1A48A-C524-4DDA-AFE3-809A504205DB}.Release|x86.ActiveCfg = Release|Any CPU
		{E2D1A48A-C524-4DDA-AFE3-809A504205DB}.Release|x86.Build.0 = Release|Any CPU
		{1B001DB2-8646-4426-9BC6-0E805EC05080}.Debug|Any CPU.ActiveCfg = Debug|Any CPU
		{1B001DB2-8646-4426-9BC6-0E805EC05080}.Debug|Any CPU.Build.0 = Debug|Any CPU
		{1B001DB2-8646-4426-9BC6-0E805EC05080}.Debug|x64.ActiveCfg = Debug|Any CPU
		{1B001DB2-8646-4426-9BC6-0E805EC05080}.Debug|x64.Build.0 = Debug|Any CPU
		{1B001DB2-8646-4426-9BC6-0E805EC05080}.Debug|x86.ActiveCfg = Debug|Any CPU
		{1B001DB2-8646-4426-9BC6-0E805EC05080}.Debug|x86.Build.0 = Debug|Any CPU
		{1B001DB2-8646-4426-9BC6-0E805EC05080}.Release|Any CPU.ActiveCfg = Release|Any CPU
		{1B001DB2-8646-4426-9BC6-0E805EC05080}.Release|Any CPU.Build.0 = Release|Any CPU
		{1B001DB2-8646-4426-9BC6-0E805EC05080}.Release|x64.ActiveCfg = Release|Any CPU
		{1B001DB2-8646-4426-9BC6-0E805EC05080}.Release|x64.Build.0 = Release|Any CPU
		{1B001DB2-8646-4426-9BC6-0E805EC05080}.Release|x86.ActiveCfg = Release|Any CPU
		{1B001DB2-8646-4426-9BC6-0E805EC05080}.Release|x86.Build.0 = Release|Any CPU
		{673000C3-7E8D-45D2-BCB0-607964B3BF4A}.Debug|Any CPU.ActiveCfg = Debug|Any CPU
		{673000C3-7E8D-45D2-BCB0-607964B3BF4A}.Debug|Any CPU.Build.0 = Debug|Any CPU
		{673000C3-7E8D-45D2-BCB0-607964B3BF4A}.Debug|x64.ActiveCfg = Debug|Any CPU
		{673000C3-7E8D-45D2-BCB0-607964B3BF4A}.Debug|x64.Build.0 = Debug|Any CPU
		{673000C3-7E8D-45D2-BCB0-607964B3BF4A}.Debug|x86.ActiveCfg = Debug|Any CPU
		{673000C3-7E8D-45D2-BCB0-607964B3BF4A}.Debug|x86.Build.0 = Debug|Any CPU
		{673000C3-7E8D-45D2-BCB0-607964B3BF4A}.Release|Any CPU.ActiveCfg = Release|Any CPU
		{673000C3-7E8D-45D2-BCB0-607964B3BF4A}.Release|Any CPU.Build.0 = Release|Any CPU
		{673000C3-7E8D-45D2-BCB0-607964B3BF4A}.Release|x64.ActiveCfg = Release|Any CPU
		{673000C3-7E8D-45D2-BCB0-607964B3BF4A}.Release|x64.Build.0 = Release|Any CPU
		{673000C3-7E8D-45D2-BCB0-607964B3BF4A}.Release|x86.ActiveCfg = Release|Any CPU
		{673000C3-7E8D-45D2-BCB0-607964B3BF4A}.Release|x86.Build.0 = Release|Any CPU
	EndGlobalSection
	GlobalSection(SolutionProperties) = preSolution
		HideSolutionNode = FALSE
	EndGlobalSection
	GlobalSection(NestedProjects) = preSolution
		{21BFCAD1-A414-4B99-AB3F-C666186091CD} = {827E0CD3-B72D-47B6-A68D-7590B98EB39B}
		{0A529B8C-7CEF-4B9E-96D5-151A4E18EE92} = {0AB3BF05-4346-4AA6-1389-037BE0695223}
		{A0535A17-8B6C-4556-87A3-B516C1435975} = {827E0CD3-B72D-47B6-A68D-7590B98EB39B}
		{E06B377C-4ECC-43A4-97AA-DFF21065BD3F} = {0AB3BF05-4346-4AA6-1389-037BE0695223}
		{2BF730E3-E054-46D9-97C6-DC59BA92F3FB} = {5D20AA90-6969-D8BD-9DCD-8634F4692FDA}
		{D9CDDD53-1A66-47E3-999D-E9C5419E3A97} = {827E0CD3-B72D-47B6-A68D-7590B98EB39B}
		{3C15B7A0-D91F-4CAD-BCB9-8FF103DC4DDC} = {0AB3BF05-4346-4AA6-1389-037BE0695223}
		{871E11D1-D2E2-41A7-AD28-8F73FCE192C4} = {66320409-64EC-F7C5-3DEF-65E7510DAAD1}
		{4609068F-1633-4F64-9085-AB6E8A53C548} = {0AB3BF05-4346-4AA6-1389-037BE0695223}
		{51C3D069-3D01-435A-83F9-A623DB57F9EE} = {827E0CD3-B72D-47B6-A68D-7590B98EB39B}
		{E2D1A48A-C524-4DDA-AFE3-809A504205DB} = {5D20AA90-6969-D8BD-9DCD-8634F4692FDA}
		{1B001DB2-8646-4426-9BC6-0E805EC05080} = {5D20AA90-6969-D8BD-9DCD-8634F4692FDA}
		{673000C3-7E8D-45D2-BCB0-607964B3BF4A} = {5D20AA90-6969-D8BD-9DCD-8634F4692FDA}
	EndGlobalSection
EndGlobal
